{
  "name": "tf",
  "version": "0.3.3",
  "lockfileVersion": 1,
  "requires": true,
  "dependencies": {
    "colors": {
      "version": "1.1.2",
      "resolved": "https://registry.npmjs.org/colors/-/colors-1.1.2.tgz",
      "integrity": "sha1-FopHAXVran9RoSzgyXv6KMCE7WM="
    },
    "command-exists": {
      "version": "1.2.7",
      "resolved": "https://registry.npmjs.org/command-exists/-/command-exists-1.2.7.tgz",
      "integrity": "sha512-doWDvhXCcW5LK0cIUWrOQ8oMFXJv3lEQCkJpGVjM8v9SV0uhqYXB943538tEA2CiaWqSyuYUGAm5ezDwEx9xlw=="
    },
    "commander": {
      "version": "2.12.2",
      "resolved": "https://registry.npmjs.org/commander/-/commander-2.12.2.tgz",
      "integrity": "sha512-BFnaq5ZOGcDN7FlrtBT4xxkgIToalIIxwjxLWVJ8bGTpe1LroqMiqQXdA7ygc7CRvaYS+9zfPGFnJqFSayx+AA=="
    }
  }
}
